
Microsoft Visual Studio Solution File, Format Version 12.00
# Visual Studio 15
VisualStudioVersion = 15.0.28307.421
MinimumVisualStudioVersion = 10.0.40219.1
Project("{FAE04EC0-301F-11D3-BF4B-00C04F79EFBC}") = "Core_API", "Core_API\Core_API.csproj", "{899CC01E-02A4-4D2D-930F-107ABF156CC4}"
EndProject
Project("{FAE04EC0-301F-11D3-BF4B-00C04F79EFBC}") = "Core_API.Tests", "Core_API.Tests\Core_API.Tests.csproj", "{28D82C96-FAA1-4339-B1A7-3C890830849E}"
EndProject
Project("{FAE04EC0-301F-11D3-BF4B-00C04F79EFBC}") = "AutoMail_Library", "AutoMail_Library\AutoMail_Library.csproj", "{A7937F18-4EDD-4904-AA21-14940E0FCF66}"
EndProject
Project("{FAE04EC0-301F-11D3-BF4B-00C04F79EFBC}") = "AutoMail_UI", "AutoMail_UI\AutoMail_UI.csproj", "{5817DB54-9F48-4BCC-BCE8-B786116A8C37}"
EndProject
Project("{FAE04EC0-301F-11D3-BF4B-00C04F79EFBC}") = "AutoMail_Models", "AutoMail_Models\AutoMail_Models.csproj", "{9685E741-84FC-4AA7-9DE6-A2D96301C4BA}"
EndProject
Global
	GlobalSection(SolutionConfigurationPlatforms) = preSolution
		Debug|Any CPU = Debug|Any CPU
		Release|Any CPU = Release|Any CPU
	EndGlobalSection
	GlobalSection(ProjectConfigurationPlatforms) = postSolution
		{899CC01E-02A4-4D2D-930F-107ABF156CC4}.Debug|Any CPU.ActiveCfg = Debug|Any CPU
		{899CC01E-02A4-4D2D-930F-107ABF156CC4}.Debug|Any CPU.Build.0 = Debug|Any CPU
		{899CC01E-02A4-4D2D-930F-107ABF156CC4}.Release|Any CPU.ActiveCfg = Release|Any CPU
		{899CC01E-02A4-4D2D-930F-107ABF156CC4}.Release|Any CPU.Build.0 = Release|Any CPU
		{28D82C96-FAA1-4339-B1A7-3C890830849E}.Debug|Any CPU.ActiveCfg = Debug|Any CPU
		{28D82C96-FAA1-4339-B1A7-3C890830849E}.Debug|Any CPU.Build.0 = Debug|Any CPU
		{28D82C96-FAA1-4339-B1A7-3C890830849E}.Release|Any CPU.ActiveCfg = Release|Any CPU
		{28D82C96-FAA1-4339-B1A7-3C890830849E}.Release|Any CPU.Build.0 = Release|Any CPU
		{A7937F18-4EDD-4904-AA21-14940E0FCF66}.Debug|Any CPU.ActiveCfg = Debug|Any CPU
		{A7937F18-4EDD-4904-AA21-14940E0FCF66}.Debug|Any CPU.Build.0 = Debug|Any CPU
		{A7937F18-4EDD-4904-AA21-14940E0FCF66}.Release|Any CPU.ActiveCfg = Release|Any CPU
		{A7937F18-4EDD-4904-AA21-14940E0FCF66}.Release|Any CPU.Build.0 = Release|Any CPU
		{5817DB54-9F48-4BCC-BCE8-B786116A8C37}.Debug|Any CPU.ActiveCfg = Debug|Any CPU
		{5817DB54-9F48-4BCC-BCE8-B786116A8C37}.Debug|Any CPU.Build.0 = Debug|Any CPU
		{5817DB54-9F48-4BCC-BCE8-B786116A8C37}.Release|Any CPU.ActiveCfg = Release|Any CPU
		{5817DB54-9F48-4BCC-BCE8-B786116A8C37}.Release|Any CPU.Build.0 = Release|Any CPU
		{9685E741-84FC-4AA7-9DE6-A2D96301C4BA}.Debug|Any CPU.ActiveCfg = Debug|Any CPU
		{9685E741-84FC-4AA7-9DE6-A2D96301C4BA}.Debug|Any CPU.Build.0 = Debug|Any CPU
		{9685E741-84FC-4AA7-9DE6-A2D96301C4BA}.Release|Any CPU.ActiveCfg = Release|Any CPU
		{9685E741-84FC-4AA7-9DE6-A2D96301C4BA}.Release|Any CPU.Build.0 = Release|Any CPU
	EndGlobalSection
	GlobalSection(SolutionProperties) = preSolution
		HideSolutionNode = FALSE
	EndGlobalSection
	GlobalSection(ExtensibilityGlobals) = postSolution
		SolutionGuid = {8B45B34B-EC3E-4355-91E1-EA42E0EDC707}
	EndGlobalSection
EndGlobal
